PODS:
  - ContentBlockerConverter (2.0.48):
    - Punycode (= 3.0.0)
  - FilterEngine (2.0.48):
    - ContentBlockerConverter (= 2.0.48)
    - PublicSuffixList (~> 1.1.47)
  - flutter_wblock_plugin (2.0.0):
    - FlutterMacOS
    - wBlockCoreService (= 2.0.0)
  - FlutterMacOS (1.0.0)
  - PublicSuffixList (1.1.47)
  - Punycode (3.0.0)
  - shared_preferences_foundation (0.0.1):
    - Flutter
    - FlutterMacOS
  - url_launcher_macos (0.0.1):
    - FlutterMacOS
  - wBlockCoreService (2.0.0):
    - ContentBlockerConverter (= 2.0.48)
    - FilterEngine (= 2.0.48)
    - ZIPFoundation (= 0.9.19)
  - ZIPFoundation (0.9.19)

DEPENDENCIES:
  - ContentBlockerConverter (from `../../macos/Podspecs`)
  - FilterEngine (from `../../macos/Podspecs`)
  - flutter_wblock_plugin (from `Flutter/ephemeral/.symlinks/plugins/flutter_wblock_plugin/macos`)
  - FlutterMacOS (from `Flutter/ephemeral`)
  - PublicSuffixList (from `../../macos/Podspecs`)
  - Punycode (from `../../macos/Podspecs`)
  - shared_preferences_foundation (from `Flutter/ephemeral/.symlinks/plugins/shared_preferences_foundation/darwin`)
  - url_launcher_macos (from `Flutter/ephemeral/.symlinks/plugins/url_launcher_macos/macos`)
  - wBlockCoreService (from `../../macos/Podspecs`)
  - ZIPFoundation (from `../../macos/Podspecs/ZipFoundation.podspec`)

EXTERNAL SOURCES:
  ContentBlockerConverter:
    :podspec: "../../macos/Podspecs"
  FilterEngine:
    :podspec: "../../macos/Podspecs"
  flutter_wblock_plugin:
    :path: Flutter/ephemeral/.symlinks/plugins/flutter_wblock_plugin/macos
  FlutterMacOS:
    :path: Flutter/ephemeral
  PublicSuffixList:
    :podspec: "../../macos/Podspecs"
  Punycode:
    :podspec: "../../macos/Podspecs"
  shared_preferences_foundation:
    :path: Flutter/ephemeral/.symlinks/plugins/shared_preferences_foundation/darwin
  url_launcher_macos:
    :path: Flutter/ephemeral/.symlinks/plugins/url_launcher_macos/macos
  wBlockCoreService:
    :podspec: "../../macos/Podspecs"
  ZIPFoundation:
    :podspec: "../../macos/Podspecs/ZipFoundation.podspec"

SPEC CHECKSUMS:
  ContentBlockerConverter: c8a68db0849f62e979ffca8c528b5349021b162b
  FilterEngine: 15e70ebe18ef30a2ef1677992ebed63699f57f76
  flutter_wblock_plugin: 561d1dee139f9b3ce500458ed21acd58df22fc1f
  FlutterMacOS: 8f6f14fa908a6fb3fba0cd85dbd81ec4b251fb24
  PublicSuffixList: 97aa7a1ea972d60ff29e65fb0a9ae78364a85f48
  Punycode: 177e2ef2a9b3678cbdae851be6df1ee4d27f036b
  shared_preferences_foundation: fcdcbc04712aee1108ac7fda236f363274528f78
  url_launcher_macos: c82c93949963e55b228a30115bd219499a6fe404
  wBlockCoreService: cac914b1d26d35aa27d8fd2d7818da8b4df147be
  ZIPFoundation: bcece1699f80b5d63488c3886daa80a14ebe0a60

PODFILE CHECKSUM: 719a3393478c4c8d244d43b58fc7c90c740baf30

COCOAPODS: 1.16.2
